
Microsoft Visual Studio Solution File, Format Version 12.00
# Visual Studio Version 17
VisualStudioVersion = 17.4.33103.184
MinimumVisualStudioVersion = 10.0.40219.1
Project("{FAE04EC0-301F-11D3-BF4B-00C04F79EFBC}") = "WebApp2tier", "WebApp2tier.csproj", "{33842B69-ACD8-4A0D-A21E-9AC2DFD3B363}"
EndProject
Global
	GlobalSection(SolutionConfigurationPlatforms) = preSolution
		Debug|Any CPU = Debug|Any CPU
		Release|Any CPU = Release|Any CPU
	EndGlobalSection
	GlobalSection(ProjectConfigurationPlatforms) = postSolution
		{33842B69-ACD8-4A0D-A21E-9AC2DFD3B363}.Debug|Any CPU.ActiveCfg = Debug|Any CPU
		{33842B69-ACD8-4A0D-A21E-9AC2DFD3B363}.Debug|Any CPU.Build.0 = Debug|Any CPU
		{33842B69-ACD8-4A0D-A21E-9AC2DFD3B363}.Release|Any CPU.ActiveCfg = Release|Any CPU
		{33842B69-ACD8-4A0D-A21E-9AC2DFD3B363}.Release|Any CPU.Build.0 = Release|Any CPU
	EndGlobalSection
	GlobalSection(SolutionProperties) = preSolution
		HideSolutionNode = FALSE
	EndGlobalSection
	GlobalSection(ExtensibilityGlobals) = postSolution
		SolutionGuid = {ECBC7D21-19E3-4DEB-98A2-DE90E336DC68}
	EndGlobalSection
EndGlobal
